
Microsoft Visual Studio Solution File, Format Version 12.00
# Visual Studio Version 16
VisualStudioVersion = 16.0.31402.337
MinimumVisualStudioVersion = 10.0.40219.1
Project("{FAE04EC0-301F-11D3-BF4B-00C04F79EFBC}") = "PasswordManager.Android", "PasswordManager\PasswordManager.Android\PasswordManager.Android.csproj", "{79BF2833-FF1D-4E7F-840D-CBE46B39720E}"
EndProject
Project("{FAE04EC0-301F-11D3-BF4B-00C04F79EFBC}") = "PasswordManager.iOS", "PasswordManager\PasswordManager.iOS\PasswordManager.iOS.csproj", "{BAD0527B-A64A-49E7-9C46-558AF8063C9A}"
EndProject
Project("{FAE04EC0-301F-11D3-BF4B-00C04F79EFBC}") = "PasswordManager", "PasswordManager\PasswordManager\PasswordManager.csproj", "{8C75F9F3-79DD-4BA7-B0E2-F112E018D106}"
EndProject
Global
	GlobalSection(SolutionConfigurationPlatforms) = preSolution
		Debug|Any CPU = Debug|Any CPU
		Debug|iPhone = Debug|iPhone
		Debug|iPhoneSimulator = Debug|iPhoneSimulator
		Release|Any CPU = Release|Any CPU
		Release|iPhone = Release|iPhone
		Release|iPhoneSimulator = Release|iPhoneSimulator
	EndGlobalSection
	GlobalSection(ProjectConfigurationPlatforms) = postSolution
		{79BF2833-FF1D-4E7F-840D-CBE46B39720E}.Debug|Any CPU.ActiveCfg = Debug|Any CPU
		{79BF2833-FF1D-4E7F-840D-CBE46B39720E}.Debug|Any CPU.Build.0 = Debug|Any CPU
		{79BF2833-FF1D-4E7F-840D-CBE46B39720E}.Debug|Any CPU.Deploy.0 = Debug|Any CPU
		{79BF2833-FF1D-4E7F-840D-CBE46B39720E}.Debug|iPhone.ActiveCfg = Debug|Any CPU
		{79BF2833-FF1D-4E7F-840D-CBE46B39720E}.Debug|iPhone.Build.0 = Debug|Any CPU
		{79BF2833-FF1D-4E7F-840D-CBE46B39720E}.Debug|iPhone.Deploy.0 = Debug|Any CPU
		{79BF2833-FF1D-4E7F-840D-CBE46B39720E}.Debug|iPhoneSimulator.ActiveCfg = Debug|Any CPU
		{79BF2833-FF1D-4E7F-840D-CBE46B39720E}.Debug|iPhoneSimulator.Build.0 = Debug|Any CPU
		{79BF2833-FF1D-4E7F-840D-CBE46B39720E}.Debug|iPhoneSimulator.Deploy.0 = Debug|Any CPU
		{79BF2833-FF1D-4E7F-840D-CBE46B39720E}.Release|Any CPU.ActiveCfg = Release|Any CPU
		{79BF2833-FF1D-4E7F-840D-CBE46B39720E}.Release|Any CPU.Build.0 = Release|Any CPU
		{79BF2833-FF1D-4E7F-840D-CBE46B39720E}.Release|Any CPU.Deploy.0 = Release|Any CPU
		{79BF2833-FF1D-4E7F-840D-CBE46B39720E}.Release|iPhone.ActiveCfg = Release|Any CPU
		{79BF2833-FF1D-4E7F-840D-CBE46B39720E}.Release|iPhone.Build.0 = Release|Any CPU
		{79BF2833-FF1D-4E7F-840D-CBE46B39720E}.Release|iPhone.Deploy.0 = Release|Any CPU
		{79BF2833-FF1D-4E7F-840D-CBE46B39720E}.Release|iPhoneSimulator.ActiveCfg = Release|Any CPU
		{79BF2833-FF1D-4E7F-840D-CBE46B39720E}.Release|iPhoneSimulator.Build.0 = Release|Any CPU
		{79BF2833-FF1D-4E7F-840D-CBE46B39720E}.Release|iPhoneSimulator.Deploy.0 = Release|Any CPU
		{BAD0527B-A64A-49E7-9C46-558AF8063C9A}.Debug|Any CPU.ActiveCfg = Debug|iPhone
		{BAD0527B-A64A-49E7-9C46-558AF8063C9A}.Debug|Any CPU.Build.0 = Debug|iPhone
		{BAD0527B-A64A-49E7-9C46-558AF8063C9A}.Debug|Any CPU.Deploy.0 = Debug|iPhone
		{BAD0527B-A64A-49E7-9C46-558AF8063C9A}.Debug|iPhone.ActiveCfg = Debug|iPhone
		{BAD0527B-A64A-49E7-9C46-558AF8063C9A}.Debug|iPhone.Build.0 = Debug|iPhone
		{BAD0527B-A64A-49E7-9C46-558AF8063C9A}.Debug|iPhone.Deploy.0 = Debug|iPhone
		{BAD0527B-A64A-49E7-9C46-558AF8063C9A}.Debug|iPhoneSimulator.ActiveCfg = Debug|iPhoneSimulator
		{BAD0527B-A64A-49E7-9C46-558AF8063C9A}.Debug|iPhoneSimulator.Build.0 = Debug|iPhoneSimulator
		{BAD0527B-A64A-49E7-9C46-558AF8063C9A}.Debug|iPhoneSimulator.Deploy.0 = Debug|iPhoneSimulator
		{BAD0527B-A64A-49E7-9C46-558AF8063C9A}.Release|Any CPU.ActiveCfg = Release|iPhoneSimulator
		{BAD0527B-A64A-49E7-9C46-558AF8063C9A}.Release|Any CPU.Build.0 = Release|iPhoneSimulator
		{BAD0527B-A64A-49E7-9C46-558AF8063C9A}.Release|Any CPU.Deploy.0 = Release|iPhoneSimulator
		{BAD0527B-A64A-49E7-9C46-558AF8063C9A}.Release|iPhone.ActiveCfg = Release|iPhone
		{BAD0527B-A64A-49E7-9C46-558AF8063C9A}.Release|iPhone.Build.0 = Release|iPhone
		{BAD0527B-A64A-49E7-9C46-558AF8063C9A}.Release|iPhone.Deploy.0 = Release|iPhone
		{BAD0527B-A64A-49E7-9C46-558AF8063C9A}.Release|iPhoneSimulator.ActiveCfg = Release|iPhoneSimulator
		{BAD0527B-A64A-49E7-9C46-558AF8063C9A}.Release|iPhoneSimulator.Build.0 = Release|iPhoneSimulator
		{BAD0527B-A64A-49E7-9C46-558AF8063C9A}.Release|iPhoneSimulator.Deploy.0 = Release|iPhoneSimulator
		{8C75F9F3-79DD-4BA7-B0E2-F112E018D106}.Debug|Any CPU.ActiveCfg = Debug|Any CPU
		{8C75F9F3-79DD-4BA7-B0E2-F112E018D106}.Debug|Any CPU.Build.0 = Debug|Any CPU
		{8C75F9F3-79DD-4BA7-B0E2-F112E018D106}.Debug|Any CPU.Deploy.0 = Debug|Any CPU
		{8C75F9F3-79DD-4BA7-B0E2-F112E018D106}.Debug|iPhone.ActiveCfg = Debug|Any CPU
		{8C75F9F3-79DD-4BA7-B0E2-F112E018D106}.Debug|iPhone.Build.0 = Debug|Any CPU
		{8C75F9F3-79DD-4BA7-B0E2-F112E018D106}.Debug|iPhone.Deploy.0 = Debug|Any CPU
		{8C75F9F3-79DD-4BA7-B0E2-F112E018D106}.Debug|iPhoneSimulator.ActiveCfg = Debug|Any CPU
		{8C75F9F3-79DD-4BA7-B0E2-F112E018D106}.Debug|iPhoneSimulator.Build.0 = Debug|Any CPU
		{8C75F9F3-79DD-4BA7-B0E2-F112E018D106}.Debug|iPhoneSimulator.Deploy.0 = Debug|Any CPU
		{8C75F9F3-79DD-4BA7-B0E2-F112E018D106}.Release|Any CPU.ActiveCfg = Release|Any CPU
		{8C75F9F3-79DD-4BA7-B0E2-F112E018D106}.Release|Any CPU.Build.0 = Release|Any CPU
		{8C75F9F3-79DD-4BA7-B0E2-F112E018D106}.Release|Any CPU.Deploy.0 = Release|Any CPU
		{8C75F9F3-79DD-4BA7-B0E2-F112E018D106}.Release|iPhone.ActiveCfg = Release|Any CPU
		{8C75F9F3-79DD-4BA7-B0E2-F112E018D106}.Release|iPhone.Build.0 = Release|Any CPU
		{8C75F9F3-79DD-4BA7-B0E2-F112E018D106}.Release|iPhone.Deploy.0 = Release|Any CPU
		{8C75F9F3-79DD-4BA7-B0E2-F112E018D106}.Release|iPhoneSimulator.ActiveCfg = Release|Any CPU
		{8C75F9F3-79DD-4BA7-B0E2-F112E018D106}.Release|iPhoneSimulator.Build.0 = Release|Any CPU
		{8C75F9F3-79DD-4BA7-B0E2-F112E018D106}.Release|iPhoneSimulator.Deploy.0 = Release|Any CPU
	EndGlobalSection
	GlobalSection(SolutionProperties) = preSolution
		HideSolutionNode = FALSE
	EndGlobalSection
	GlobalSection(ExtensibilityGlobals) = postSolution
		SolutionGuid = {AFD9DC17-BC08-4354-A46C-3A7D2B828E84}
	EndGlobalSection
EndGlobal
